
Microsoft Visual Studio Solution File, Format Version 12.00
# Visual Studio Version 17
VisualStudioVersion = 17.1.32407.343
MinimumVisualStudioVersion = 10.0.40219.1
Project("{FAE04EC0-301F-11D3-BF4B-00C04F79EFBC}") = "08ArreglosMultidimensionales", "08ArreglosMultidimensionales\08ArreglosMultidimensionales.csproj", "{F2BE03EC-3787-46CA-87AA-D8BEB5267720}"
EndProject
Global
	GlobalSection(SolutionConfigurationPlatforms) = preSolution
		Debug|Any CPU = Debug|Any CPU
		Release|Any CPU = Release|Any CPU
	EndGlobalSection
	GlobalSection(ProjectConfigurationPlatforms) = postSolution
		{F2BE03EC-3787-46CA-87AA-D8BEB5267720}.Debug|Any CPU.ActiveCfg = Debug|Any CPU
		{F2BE03EC-3787-46CA-87AA-D8BEB5267720}.Debug|Any CPU.Build.0 = Debug|Any CPU
		{F2BE03EC-3787-46CA-87AA-D8BEB5267720}.Release|Any CPU.ActiveCfg = Release|Any CPU
		{F2BE03EC-3787-46CA-87AA-D8BEB5267720}.Release|Any CPU.Build.0 = Release|Any CPU
	EndGlobalSection
	GlobalSection(SolutionProperties) = preSolution
		HideSolutionNode = FALSE
	EndGlobalSection
	GlobalSection(ExtensibilityGlobals) = postSolution
		SolutionGuid = {4DBB82CD-50B1-40E0-8720-B10082615A9F}
	EndGlobalSection
EndGlobal
